// !$*UTF8*$!
{
	archiveVersion = 1;
	classes = {
	};
	objectVersion = 46;
	objects = {

/* Begin PBXBuildFile section */
		7B05C5B81E942E8A00B251A0 /* AppDelegate.swift in Sources */ = {isa = PBXBuildFile; fileRef = 7B05C5B71E942E8A00B251A0 /* AppDelegate.swift */; };
		7B05C5BA1E942E8A00B251A0 /* FeedVC.swift in Sources */ = {isa = PBXBuildFile; fileRef = 7B05C5B91E942E8A00B251A0 /* FeedVC.swift */; };
		7B05C5BF1E942E8A00B251A0 /* Assets.xcassets in Resources */ = {isa = PBXBuildFile; fileRef = 7B05C5BE1E942E8A00B251A0 /* Assets.xcassets */; };
		7B05C5C21E942E8A00B251A0 /* LaunchScreen.storyboard in Resources */ = {isa = PBXBuildFile; fileRef = 7B05C5C01E942E8A00B251A0 /* LaunchScreen.storyboard */; };
		7B05C5CD1E942F3800B251A0 /* BaseCell.swift in Sources */ = {isa = PBXBuildFile; fileRef = 7B05C5CC1E942F3800B251A0 /* BaseCell.swift */; };
		7B05C5D01E94734A00B251A0 /* Constants.swift in Sources */ = {isa = PBXBuildFile; fileRef = 7B05C5CF1E94734A00B251A0 /* Constants.swift */; };
		7B05C5D21E94739700B251A0 /* ColorHexable.swift in Sources */ = {isa = PBXBuildFile; fileRef = 7B05C5D11E94739700B251A0 /* ColorHexable.swift */; };
/* End PBXBuildFile section */

/* Begin PBXFileReference section */
		7B05C5B41E942E8A00B251A0 /* YelpClient.app */ = {isa = PBXFileReference; explicitFileType = wrapper.application; includeInIndex = 0; path = YelpClient.app; sourceTree = BUILT_PRODUCTS_DIR; };
		7B05C5B71E942E8A00B251A0 /* AppDelegate.swift */ = {isa = PBXFileReference; lastKnownFileType = sourcecode.swift; path = AppDelegate.swift; sourceTree = "<group>"; };
		7B05C5B91E942E8A00B251A0 /* FeedVC.swift */ = {isa = PBXFileReference; lastKnownFileType = sourcecode.swift; path = FeedVC.swift; sourceTree = "<group>"; };
		7B05C5BE1E942E8A00B251A0 /* Assets.xcassets */ = {isa = PBXFileReference; lastKnownFileType = folder.assetcatalog; path = Assets.xcassets; sourceTree = "<group>"; };
		7B05C5C11E942E8A00B251A0 /* Base */ = {isa = PBXFileReference; lastKnownFileType = file.storyboard; name = Base; path = Base.lproj/LaunchScreen.storyboard; sourceTree = "<group>"; };
		7B05C5C31E942E8A00B251A0 /* Info.plist */ = {isa = PBXFileReference; lastKnownFileType = text.plist.xml; path = Info.plist; sourceTree = "<group>"; };
		7B05C5CC1E942F3800B251A0 /* BaseCell.swift */ = {isa = PBXFileReference; fileEncoding = 4; lastKnownFileType = sourcecode.swift; path = BaseCell.swift; sourceTree = "<group>"; };
		7B05C5CF1E94734A00B251A0 /* Constants.swift */ = {isa = PBXFileReference; fileEncoding = 4; lastKnownFileType = sourcecode.swift; path = Constants.swift; sourceTree = "<group>"; };
		7B05C5D11E94739700B251A0 /* ColorHexable.swift */ = {isa = PBXFileReference; fileEncoding = 4; lastKnownFileType = sourcecode.swift; path = ColorHexable.swift; sourceTree = "<group>"; };
/* End PBXFileReference section */

/* Begin PBXFrameworksBuildPhase section */
		7B05C5B11E942E8A00B251A0 /* Frameworks */ = {
			isa = PBXFrameworksBuildPhase;
			buildActionMask = 2147483647;
			files = (
			);
			runOnlyForDeploymentPostprocessing = 0;
		};
/* End PBXFrameworksBuildPhase section */

/* Begin PBXGroup section */
		7B05C5AB1E942E8A00B251A0 = {
			isa = PBXGroup;
			children = (
				7B05C5B61E942E8A00B251A0 /* YelpClient */,
				7B05C5B51E942E8A00B251A0 /* Products */,
			);
			sourceTree = "<group>";
		};
		7B05C5B51E942E8A00B251A0 /* Products */ = {
			isa = PBXGroup;
			children = (
				7B05C5B41E942E8A00B251A0 /* YelpClient.app */,
			);
			name = Products;
			sourceTree = "<group>";
		};
		7B05C5B61E942E8A00B251A0 /* YelpClient */ = {
			isa = PBXGroup;
			children = (
				7B05C5B71E942E8A00B251A0 /* AppDelegate.swift */,
				7B05C5CE1E94734200B251A0 /* Helpers */,
				7B05C5CB1E942F2200B251A0 /* Controller */,
				7B05C5CA1E942F1500B251A0 /* View */,
				7B05C5C91E942F0F00B251A0 /* Model */,
				7B05C5BE1E942E8A00B251A0 /* Assets.xcassets */,
				7B05C5C01E942E8A00B251A0 /* LaunchScreen.storyboard */,
				7B05C5C31E942E8A00B251A0 /* Info.plist */,
			);
			path = YelpClient;
			sourceTree = "<group>";
		};
		7B05C5C91E942F0F00B251A0 /* Model */ = {
			isa = PBXGroup;
			children = (
			);
			name = Model;
			sourceTree = "<group>";
		};
		7B05C5CA1E942F1500B251A0 /* View */ = {
			isa = PBXGroup;
			children = (
				7B05C5CC1E942F3800B251A0 /* BaseCell.swift */,
			);
			name = View;
			sourceTree = "<group>";
		};
		7B05C5CB1E942F2200B251A0 /* Controller */ = {
			isa = PBXGroup;
			children = (
				7B05C5B91E942E8A00B251A0 /* FeedVC.swift */,
			);
			name = Controller;
			sourceTree = "<group>";
		};
		7B05C5CE1E94734200B251A0 /* Helpers */ = {
			isa = PBXGroup;
			children = (
				7B05C5CF1E94734A00B251A0 /* Constants.swift */,
				7B05C5D11E94739700B251A0 /* ColorHexable.swift */,
			);
			name = Helpers;
			sourceTree = "<group>";
		};
/* End PBXGroup section */

/* Begin PBXNativeTarget section */
		7B05C5B31E942E8A00B251A0 /* YelpClient */ = {
			isa = PBXNativeTarget;
			buildConfigurationList = 7B05C5C61E942E8A00B251A0 /* Build configuration list for PBXNativeTarget "YelpClient" */;
			buildPhases = (
				7B05C5B01E942E8A00B251A0 /* Sources */,
				7B05C5B11E942E8A00B251A0 /* Frameworks */,
				7B05C5B21E942E8A00B251A0 /* Resources */,
			);
			buildRules = (
			);
			dependencies = (
			);
			name = YelpClient;
			productName = YelpClient;
			productReference = 7B05C5B41E942E8A00B251A0 /* YelpClient.app */;
			productType = "com.apple.product-type.application";
		};
/* End PBXNativeTarget section */

/* Begin PBXProject section */
		7B05C5AC1E942E8A00B251A0 /* Project object */ = {
			isa = PBXProject;
			attributes = {
				LastSwiftUpdateCheck = 0810;
				LastUpgradeCheck = 0810;
				ORGANIZATIONNAME = "James Rochabrun";
				TargetAttributes = {
					7B05C5B31E942E8A00B251A0 = {
						CreatedOnToolsVersion = 8.1;
						DevelopmentTeam = ULU46F325W;
						ProvisioningStyle = Automatic;
					};
				};
			};
			buildConfigurationList = 7B05C5AF1E942E8A00B251A0 /* Build configuration list for PBXProject "YelpClient" */;
			compatibilityVersion = "Xcode 3.2";
			developmentRegion = English;
			hasScannedForEncodings = 0;
			knownRegions = (
				en,
				Base,
			);
			mainGroup = 7B05C5AB1E942E8A00B251A0;
			productRefGroup = 7B05C5B51E942E8A00B251A0 /* Products */;
			projectDirPath = "";
			projectRoot = "";
			targets = (
				7B05C5B31E942E8A00B251A0 /* YelpClient */,
			);
		};
/* End PBXProject section */

/* Begin PBXResourcesBuildPhase section */
		7B05C5B21E942E8A00B251A0 /* Resources */ = {
			isa = PBXResourcesBuildPhase;
			buildActionMask = 2147483647;
			files = (
				7B05C5C21E942E8A00B251A0 /* LaunchScreen.storyboard in Resources */,
				7B05C5BF1E942E8A00B251A0 /* Assets.xcassets in Resources */,
			);
			runOnlyForDeploymentPostprocessing = 0;
		};
/* End PBXResourcesBuildPhase section */

/* Begin PBXSourcesBuildPhase section */
		7B05C5B01E942E8A00B251A0 /* Sources */ = {
			isa = PBXSourcesBuildPhase;
			buildActionMask = 2147483647;
			files = (
				7B05C5D21E94739700B251A0 /* ColorHexable.swift in Sources */,
				7B05C5BA1E942E8A00B251A0 /* FeedVC.swift in Sources */,
				7B05C5CD1E942F3800B251A0 /* BaseCell.swift in Sources */,
				7B05C5B81E942E8A00B251A0 /* AppDelegate.swift in Sources */,
				7B05C5D01E94734A00B251A0 /* Constants.swift in Sources */,
			);
			runOnlyForDeploymentPostprocessing = 0;
		};
/* End PBXSourcesBuildPhase section */

/* Begin PBXVariantGroup section */
		7B05C5C01E942E8A00B251A0 /* LaunchScreen.storyboard */ = {
			isa = PBXVariantGroup;
			children = (
				7B05C5C11E942E8A00B251A0 /* Base */,
			);
			name = LaunchScreen.storyboard;
			sourceTree = "<group>";
		};
/* End PBXVariantGroup section */

/* Begin XCBuildConfiguration section */
		7B05C5C41E942E8A00B251A0 /* Debug */ = {
			isa = XCBuildConfiguration;
			buildSettings = {
				ALWAYS_SEARCH_USER_PATHS = NO;
				CLANG_ANALYZER_NONNULL = YES;
				CLANG_CXX_LANGUAGE_STANDARD = "gnu++0x";
				CLANG_CXX_LIBRARY = "libc++";
				CLANG_ENABLE_MODULES = YES;
				CLANG_ENABLE_OBJC_ARC = YES;
				CLANG_WARN_BOOL_CONVERSION = YES;
				CLANG_WARN_CONSTANT_CONVERSION = YES;
				CLANG_WARN_DIRECT_OBJC_ISA_USAGE = YES_ERROR;
				CLANG_WARN_DOCUMENTATION_COMMENTS = YES;
				CLANG_WARN_EMPTY_BODY = YES;
				CLANG_WARN_ENUM_CONVERSION = YES;
				CLANG_WARN_INFINITE_RECURSION = YES;
				CLANG_WARN_INT_CONVERSION = YES;
				CLANG_WARN_OBJC_ROOT_CLASS = YES_ERROR;
				CLANG_WARN_SUSPICIOUS_MOVES = YES;
				CLANG_WARN_UNREACHABLE_CODE = YES;
				CLANG_WARN__DUPLICATE_METHOD_MATCH = YES;
				"CODE_SIGN_IDENTITY[sdk=iphoneos*]" = "iPhone Developer";
				COPY_PHASE_STRIP = NO;
				DEBUG_INFORMATION_FORMAT = dwarf;
				ENABLE_STRICT_OBJC_MSGSEND = YES;
				ENABLE_TESTABILITY = YES;
				GCC_C_LANGUAGE_STANDARD = gnu99;
				GCC_DYNAMIC_NO_PIC = NO;
				GCC_NO_COMMON_BLOCKS = YES;
				GCC_OPTIMIZATION_LEVEL = 0;
				GCC_PREPROCESSOR_DEFINITIONS = (
					"DEBUG=1",
					"$(inherited)",
				);
				GCC_WARN_64_TO_32_BIT_CONVERSION = YES;
				GCC_WARN_ABOUT_RETURN_TYPE = YES_ERROR;
				GCC_WARN_UNDECLARED_SELECTOR = YES;
				GCC_WARN_UNINITIALIZED_AUTOS = YES_AGGRESSIVE;
				GCC_WARN_UNUSED_FUNCTION = YES;
				GCC_WARN_UNUSED_VARIABLE = YES;
				IPHONEOS_DEPLOYMENT_TARGET = 10.1;
				MTL_ENABLE_DEBUG_INFO = YES;
				ONLY_ACTIVE_ARCH = YES;
				SDKROOT = iphoneos;
				SWIFT_ACTIVE_COMPILATION_CONDITIONS = DEBUG;
				SWIFT_OPTIMIZATION_LEVEL = "-Onone";
			};
			name = Debug;
		};
		7B05C5C51E942E8A00B251A0 /* Release */ = {
			isa = XCBuildConfiguration;
			buildSettings = {
				ALWAYS_SEARCH_USER_PATHS = NO;
				CLANG_ANALYZER_NONNULL = YES;
				CLANG_CXX_LANGUAGE_STANDARD = "gnu++0x";
				CLANG_CXX_LIBRARY = "libc++";
				CLANG_ENABLE_MODULES = YES;
				CLANG_ENABLE_OBJC_ARC = YES;
				CLANG_WARN_BOOL_CONVERSION = YES;
				CLANG_WARN_CONSTANT_CONVERSION = YES;
				CLANG_WARN_DIRECT_OBJC_ISA_USAGE = YES_ERROR;
				CLANG_WARN_DOCUMENTATION_COMMENTS = YES;
				CLANG_WARN_EMPTY_BODY = YES;
				CLANG_WARN_ENUM_CONVERSION = YES;
				CLANG_WARN_INFINITE_RECURSION = YES;
				CLANG_WARN_INT_CONVERSION = YES;
				CLANG_WARN_OBJC_ROOT_CLASS = YES_ERROR;
				CLANG_WARN_SUSPICIOUS_MOVES = YES;
				CLANG_WARN_UNREACHABLE_CODE = YES;
				CLANG_WARN__DUPLICATE_METHOD_MATCH = YES;
				"CODE_SIGN_IDENTITY[sdk=iphoneos*]" = "iPhone Developer";
				COPY_PHASE_STRIP = NO;
				DEBUG_INFORMATION_FORMAT = "dwarf-with-dsym";
				ENABLE_NS_ASSERTIONS = NO;
				ENABLE_STRICT_OBJC_MSGSEND = YES;
				GCC_C_LANGUAGE_STANDARD = gnu99;
				GCC_NO_COMMON_BLOCKS = YES;
				GCC_WARN_64_TO_32_BIT_CONVERSION = YES;
				GCC_WARN_ABOUT_RETURN_TYPE = YES_ERROR;
				GCC_WARN_UNDECLARED_SELECTOR = YES;
				GCC_WARN_UNINITIALIZED_AUTOS = YES_AGGRESSIVE;
				GCC_WARN_UNUSED_FUNCTION = YES;
				GCC_WARN_UNUSED_VARIABLE = YES;
				IPHONEOS_DEPLOYMENT_TARGET = 10.1;
				MTL_ENABLE_DEBUG_INFO = NO;
				SDKROOT = iphoneos;
				SWIFT_OPTIMIZATION_LEVEL = "-Owholemodule";
				VALIDATE_PRODUCT = YES;
			};
			name = Release;
		};
		7B05C5C71E942E8A00B251A0 /* Debug */ = {
			isa = XCBuildConfiguration;
			buildSettings = {
				ASSETCATALOG_COMPILER_APPICON_NAME = AppIcon;
				DEVELOPMENT_TEAM = ULU46F325W;
				INFOPLIST_FILE = YelpClient/Info.plist;
				LD_RUNPATH_SEARCH_PATHS = "$(inherited) @executable_path/Frameworks";
				PRODUCT_BUNDLE_IDENTIFIER = com.speedelo.YelpClient;
				PRODUCT_NAME = "$(TARGET_NAME)";
				SWIFT_VERSION = 3.0;
			};
			name = Debug;
		};
		7B05C5C81E942E8A00B251A0 /* Release */ = {
			isa = XCBuildConfiguration;
			buildSettings = {
				ASSETCATALOG_COMPILER_APPICON_NAME = AppIcon;
				DEVELOPMENT_TEAM = ULU46F325W;
				INFOPLIST_FILE = YelpClient/Info.plist;
				LD_RUNPATH_SEARCH_PATHS = "$(inherited) @executable_path/Frameworks";
				PRODUCT_BUNDLE_IDENTIFIER = com.speedelo.YelpClient;
				PRODUCT_NAME = "$(TARGET_NAME)";
				SWIFT_VERSION = 3.0;
			};
			name = Release;
		};
/* End XCBuildConfiguration section */

/* Begin XCConfigurationList section */
		7B05C5AF1E942E8A00B251A0 /* Build configuration list for PBXProject "YelpClient" */ = {
			isa = XCConfigurationList;
			buildConfigurations = (
				7B05C5C41E942E8A00B251A0 /* Debug */,
				7B05C5C51E942E8A00B251A0 /* Release */,
			);
			defaultConfigurationIsVisible = 0;
			defaultConfigurationName = Release;
		};
		7B05C5C61E942E8A00B251A0 /* Build configuration list for PBXNativeTarget "YelpClient" */ = {
			isa = XCConfigurationList;
			buildConfigurations = (
				7B05C5C71E942E8A00B251A0 /* Debug */,
				7B05C5C81E942E8A00B251A0 /* Release */,
			);
			defaultConfigurationIsVisible = 0;
		};
/* End XCConfigurationList section */
	};
	rootObject = 7B05C5AC1E942E8A00B251A0 /* Project object */;
}
